<?xml version="1.0" encoding="utf-8"?>
<Project ToolsVersion="4.0" xmlns="http://schemas.microsoft.com/developer/msbuild/2003">
  <ItemGroup>
    <Filter Include="Source Files">
      <UniqueIdentifier>{4FC737F1-C7A5-4376-A066-2A32D752A2FF}</UniqueIdentifier>
      <Extensions>cpp;c;cc;cxx;c++;cppm;ixx;def;odl;idl;hpj;bat;asm;asmx</Extensions>
    </Filter>
    <Filter Include="Header Files">
      <UniqueIdentifier>{93995380-89BD-4b04-88EB-625FBE52EBFB}</UniqueIdentifier>
      <Extensions>h;hh;hpp;hxx;h++;hm;inl;inc;ipp;xsd</Extensions>
    </Filter>
    <Filter Include="Resource Files">
      <UniqueIdentifier>{67DA6AB6-F800-4c08-8B7A-83BB121AAD01}</UniqueIdentifier>
      <Extensions>rc;ico;cur;bmp;dlg;rc2;rct;bin;rgs;gif;jpg;jpeg;jpe;resx;tiff;tif;png;wav;mfcribbon-ms</Extensions>
    </Filter>
    <Filter Include="Graphic">
      <UniqueIdentifier>{3677bf90-cae7-42c4-9532-8d8c1b181fa3}</UniqueIdentifier>
    </Filter>
    <Filter Include="Graphic\Texture">
      <UniqueIdentifier>{ef6dd634-49b6-4004-983f-8d0261643d71}</UniqueIdentifier>
    </Filter>
    <Filter Include="Graphic\Sprite">
      <UniqueIdentifier>{9c072ca1-e8db-4f9b-86ca-47710d872a76}</UniqueIdentifier>
    </Filter>
    <Filter Include="Graphic\Animation">
      <UniqueIdentifier>{b21ce98d-0e42-4cbd-aa4f-9dec089cb6d8}</UniqueIdentifier>
    </Filter>
    <Filter Include="GameObjects">
      <UniqueIdentifier>{77719b8e-af5a-49f9-acd4-3095da206339}</UniqueIdentifier>
    </Filter>
    <Filter Include="GameObjects\MoveableObjects">
      <UniqueIdentifier>{69270c90-ac62-4fa8-808a-274b095eb3af}</UniqueIdentifier>
    </Filter>
    <Filter Include="GameObjects\MoveableObjects\Mario">
      <UniqueIdentifier>{b7ef4210-db43-4b5c-886e-767eb03cc93e}</UniqueIdentifier>
    </Filter>
    <Filter Include="GameObjects\MoveableObjects\Goomba">
      <UniqueIdentifier>{b377db09-94f3-4475-94ca-4f30cdbd42f4}</UniqueIdentifier>
    </Filter>
    <Filter Include="GameObjects\UnmoveableObjects">
      <UniqueIdentifier>{9f910019-601c-419c-976a-fd46f0c30d14}</UniqueIdentifier>
    </Filter>
    <Filter Include="GameObjects\UnmoveableObjects\Brick">
      <UniqueIdentifier>{4da6f636-2b09-4d9a-bca7-21e0ab4866e3}</UniqueIdentifier>
    </Filter>
    <Filter Include="GameObjects\UnmoveableObjects\Coin">
      <UniqueIdentifier>{10cc03bc-9b4d-4f38-b9e3-9d593f59232f}</UniqueIdentifier>
    </Filter>
    <Filter Include="GameObjects\UnmoveableObjects\Portal">
      <UniqueIdentifier>{bae6ced0-2150-4496-9ee3-e7ce9c03e416}</UniqueIdentifier>
    </Filter>
    <Filter Include="Scene">
      <UniqueIdentifier>{fe210dc2-1bb1-471d-a5a2-a719e05d8e64}</UniqueIdentifier>
    </Filter>
    <Filter Include="Utils">
      <UniqueIdentifier>{9873ac71-ae6f-4f9f-96d2-59ed0edcacd3}</UniqueIdentifier>
    </Filter>
    <Filter Include="Collision">
      <UniqueIdentifier>{cdac8126-9228-4840-9fb3-9324e32a7bee}</UniqueIdentifier>
    </Filter>
  </ItemGroup>
  <ItemGroup>
    <None Include="packages.config" />
  </ItemGroup>
  <ItemGroup>
    <ClCompile Include="main.cpp">
      <Filter>Source Files</Filter>
    </ClCompile>
    <ClCompile Include="debug.cpp">
      <Filter>Source Files</Filter>
    </ClCompile>
    <ClCompile Include="Game.cpp">
      <Filter>Source Files</Filter>
    </ClCompile>
    <ClCompile Include="Platform.cpp">
      <Filter>Source Files</Filter>
    </ClCompile>
    <ClCompile Include="SampleKeyEventHandler.cpp">
      <Filter>Source Files</Filter>
    </ClCompile>
    <ClCompile Include="Textures.cpp">
      <Filter>Graphic\Texture</Filter>
    </ClCompile>
    <ClCompile Include="Sprites.cpp">
      <Filter>Graphic\Sprite</Filter>
    </ClCompile>
    <ClCompile Include="Sprite.cpp">
      <Filter>Graphic\Sprite</Filter>
    </ClCompile>
    <ClCompile Include="Animation.cpp">
      <Filter>Graphic\Animation</Filter>
    </ClCompile>
    <ClCompile Include="Animations.cpp">
      <Filter>Graphic\Animation</Filter>
    </ClCompile>
    <ClCompile Include="GameObject.cpp">
      <Filter>GameObjects</Filter>
    </ClCompile>
    <ClCompile Include="Mario.cpp">
      <Filter>GameObjects\MoveableObjects\Mario</Filter>
    </ClCompile>
    <ClCompile Include="Goomba.cpp">
      <Filter>GameObjects\MoveableObjects\Goomba</Filter>
    </ClCompile>
    <ClCompile Include="Brick.cpp">
      <Filter>GameObjects\UnmoveableObjects\Brick</Filter>
    </ClCompile>
    <ClCompile Include="Coin.cpp">
      <Filter>GameObjects\UnmoveableObjects\Coin</Filter>
    </ClCompile>
    <ClCompile Include="Portal.cpp">
      <Filter>GameObjects\UnmoveableObjects\Portal</Filter>
    </ClCompile>
    <ClCompile Include="PlayScene.cpp">
      <Filter>Scene</Filter>
    </ClCompile>
    <ClCompile Include="Utils.cpp">
      <Filter>Utils</Filter>
    </ClCompile>
    <ClCompile Include="Collision.cpp">
      <Filter>Collision</Filter>
    </ClCompile>
  </ItemGroup>
  <ItemGroup>
    <ClInclude Include="AssetIDs.h">
      <Filter>Header Files</Filter>
    </ClInclude>
    <ClInclude Include="debug.h">
      <Filter>Header Files</Filter>
    </ClInclude>
    <ClInclude Include="Game.h">
      <Filter>Header Files</Filter>
    </ClInclude>
    <ClInclude Include="KeyEventHandler.h">
      <Filter>Header Files</Filter>
    </ClInclude>
    <ClInclude Include="Platform.h">
      <Filter>Header Files</Filter>
    </ClInclude>
    <ClInclude Include="SampleKeyEventHandler.h">
      <Filter>Header Files</Filter>
    </ClInclude>
    <ClInclude Include="Textures.h">
      <Filter>Graphic\Texture</Filter>
    </ClInclude>
    <ClInclude Include="Texture.h">
      <Filter>Graphic\Texture</Filter>
    </ClInclude>
    <ClInclude Include="Sprites.h">
      <Filter>Graphic\Sprite</Filter>
    </ClInclude>
    <ClInclude Include="Sprite.h">
      <Filter>Graphic\Sprite</Filter>
    </ClInclude>
    <ClInclude Include="Animation.h">
      <Filter>Graphic\Animation</Filter>
    </ClInclude>
    <ClInclude Include="Animations.h">
      <Filter>Graphic\Animation</Filter>
    </ClInclude>
    <ClInclude Include="AnimationFrame.h">
      <Filter>Graphic\Animation</Filter>
    </ClInclude>
    <ClInclude Include="GameObject.h">
      <Filter>GameObjects</Filter>
    </ClInclude>
    <ClInclude Include="Mario.h">
      <Filter>GameObjects\MoveableObjects\Mario</Filter>
    </ClInclude>
    <ClInclude Include="Goomba.h">
      <Filter>GameObjects\MoveableObjects\Goomba</Filter>
    </ClInclude>
    <ClInclude Include="Brick.h">
      <Filter>GameObjects\UnmoveableObjects\Brick</Filter>
    </ClInclude>
    <ClInclude Include="Coin.h">
      <Filter>GameObjects\UnmoveableObjects\Coin</Filter>
    </ClInclude>
    <ClInclude Include="Portal.h">
      <Filter>GameObjects\UnmoveableObjects\Portal</Filter>
    </ClInclude>
    <ClInclude Include="Scene.h">
      <Filter>Scene</Filter>
    </ClInclude>
    <ClInclude Include="PlayScene.h">
      <Filter>Scene</Filter>
    </ClInclude>
    <ClInclude Include="Utils.h">
      <Filter>Utils</Filter>
    </ClInclude>
    <ClInclude Include="Collision.h">
      <Filter>Collision</Filter>
    </ClInclude>
  </ItemGroup>
</Project>